
Microsoft Visual Studio Solution File, Format Version 12.00
# Visual Studio Version 17
VisualStudioVersion = 17.7.34018.315
MinimumVisualStudioVersion = 10.0.40219.1
Project("{9A19103F-16F7-4668-BE54-9A1E7A4F7556}") = "AudioDeviceSwitcher", "src\AudioDeviceSwitcher.csproj", "{6FBE284F-DE0D-4181-A587-51E74B573925}"
EndProject
Global
	GlobalSection(SolutionConfigurationPlatforms) = preSolution
		Debug|Any CPU = Debug|Any CPU
		Release|Any CPU = Release|Any CPU
	EndGlobalSection
	GlobalSection(ProjectConfigurationPlatforms) = postSolution
		{6FBE284F-DE0D-4181-A587-51E74B573925}.Debug|Any CPU.ActiveCfg = Debug|Any CPU
		{6FBE284F-DE0D-4181-A587-51E74B573925}.Debug|Any CPU.Build.0 = Debug|Any CPU
		{6FBE284F-DE0D-4181-A587-51E74B573925}.Release|Any CPU.ActiveCfg = Release|Any CPU
		{6FBE284F-DE0D-4181-A587-51E74B573925}.Release|Any CPU.Build.0 = Release|Any CPU
	EndGlobalSection
	GlobalSection(SolutionProperties) = preSolution
		HideSolutionNode = FALSE
	EndGlobalSection
	GlobalSection(ExtensibilityGlobals) = postSolution
		SolutionGuid = {76BC8A44-9CB9-42C3-A4D8-32CA078EAA53}
	EndGlobalSection
EndGlobal
